
Microsoft Visual Studio Solution File, Format Version 12.00
# Visual Studio Version 17
VisualStudioVersion = 17.5.002.0
MinimumVisualStudioVersion = 10.0.40219.1
Project("{2150E333-8FDC-42A3-9474-1A3956D46DE8}") = "csharp-prep", "csharp-prep", "{D6829373-EF2E-4951-90C3-D5CE1230F92A}"
EndProject
Project("{9A19103F-16F7-4668-BE54-9A1E7A4F7556}") = "Prep1", "csharp-prep\Prep1\Prep1.csproj", "{153B06A5-2269-4BD1-A66E-AADAB8AD943D}"
EndProject
Project("{9A19103F-16F7-4668-BE54-9A1E7A4F7556}") = "Prep2", "csharp-prep\Prep2\Prep2.csproj", "{4CE91E12-8374-420E-98E1-779CE32AD25D}"
EndProject
Project("{9A19103F-16F7-4668-BE54-9A1E7A4F7556}") = "Prep3", "csharp-prep\Prep3\Prep3.csproj", "{FFBC950C-9B47-44C1-A7EF-931380712E07}"
EndProject
Project("{9A19103F-16F7-4668-BE54-9A1E7A4F7556}") = "Prep4", "csharp-prep\Prep4\Prep4.csproj", "{5A981892-703E-40F4-8ED9-387D1E421A51}"
EndProject
Project("{9A19103F-16F7-4668-BE54-9A1E7A4F7556}") = "Prep5", "csharp-prep\Prep5\Prep5.csproj", "{490C9DE4-2BB1-436F-9947-F9466D3ABC04}"
EndProject
Project("{2150E333-8FDC-42A3-9474-1A3956D46DE8}") = "final", "final", "{80B74F07-E15A-4E64-92E9-EF24ACE8F6B6}"
EndProject
Project("{9A19103F-16F7-4668-BE54-9A1E7A4F7556}") = "FinalProject", "final\FinalProject\FinalProject.csproj", "{2B3B6B3B-EC20-4451-A969-DBC2BC7AE428}"
EndProject
Project("{9A19103F-16F7-4668-BE54-9A1E7A4F7556}") = "Foundation1", "final\Foundation1\Foundation1.csproj", "{17529780-1581-4677-90A8-16183039FBC7}"
EndProject
Project("{9A19103F-16F7-4668-BE54-9A1E7A4F7556}") = "Foundation2", "final\Foundation2\Foundation2.csproj", "{8D699B76-1C1D-4806-9821-2183AA6672BC}"
EndProject
Project("{9A19103F-16F7-4668-BE54-9A1E7A4F7556}") = "Foundation3", "final\Foundation3\Foundation3.csproj", "{B23A47C6-1393-467E-A864-C02741207473}"
EndProject
Project("{9A19103F-16F7-4668-BE54-9A1E7A4F7556}") = "Foundation4", "final\Foundation4\Foundation4.csproj", "{AB5460D6-8401-4AFC-8111-8DD9CEB64796}"
EndProject
Project("{2150E333-8FDC-42A3-9474-1A3956D46DE8}") = "prepare", "prepare", "{C2133350-D8A7-4944-9058-9F8F577D7A7E}"
EndProject
Project("{9A19103F-16F7-4668-BE54-9A1E7A4F7556}") = "Learning02", "prepare\Learning02\Learning02.csproj", "{0D4DE4F8-B6C3-4856-AA01-E1E6A8103478}"
EndProject
Project("{9A19103F-16F7-4668-BE54-9A1E7A4F7556}") = "Learning03", "prepare\Learning03\Learning03.csproj", "{81E36B10-AF7C-48CD-BEAA-8BEF99C354FF}"
EndProject
Project("{9A19103F-16F7-4668-BE54-9A1E7A4F7556}") = "Learning04", "prepare\Learning04\Learning04.csproj", "{E335D4AB-9CE9-46C3-9C32-4B09B1C56661}"
EndProject
Project("{9A19103F-16F7-4668-BE54-9A1E7A4F7556}") = "Learning05", "prepare\Learning05\Learning05.csproj", "{8C6035E5-662F-4D2F-B9E6-B77E75A0E5EA}"
EndProject
Project("{2150E333-8FDC-42A3-9474-1A3956D46DE8}") = "prove", "prove", "{9D9D1D4B-6D63-44E3-8260-5B44B36E8C1C}"
EndProject
Project("{9A19103F-16F7-4668-BE54-9A1E7A4F7556}") = "Develop02", "prove\Develop02\Develop02.csproj", "{9CAFF7EC-A41C-46C0-AE6C-72594A27E03C}"
EndProject
Project("{9A19103F-16F7-4668-BE54-9A1E7A4F7556}") = "Develop03", "prove\Develop03\Develop03.csproj", "{EFF6E25C-F5C1-4060-89E8-256379E4E45D}"
EndProject
Project("{9A19103F-16F7-4668-BE54-9A1E7A4F7556}") = "Develop04", "prove\Develop04\Develop04.csproj", "{6F7DA6BF-4F65-4549-A577-43DB4E16F977}"
EndProject
Project("{9A19103F-16F7-4668-BE54-9A1E7A4F7556}") = "Develop05", "prove\Develop05\Develop05.csproj", "{2A21BFFC-0F59-44F4-AB67-D6F6A6C35432}"
EndProject
Project("{2150E333-8FDC-42A3-9474-1A3956D46DE8}") = "sandbox", "sandbox", "{984D96C3-099C-4C51-837B-FBF2A289C753}"
EndProject
Project("{9A19103F-16F7-4668-BE54-9A1E7A4F7556}") = "Sandbox", "sandbox\Sandbox\Sandbox.csproj", "{54F68C05-C1D3-429B-86CE-BA4852C675CB}"
EndProject
Global
	GlobalSection(SolutionConfigurationPlatforms) = preSolution
		Debug|Any CPU = Debug|Any CPU
		Release|Any CPU = Release|Any CPU
	EndGlobalSection
	GlobalSection(ProjectConfigurationPlatforms) = postSolution
		{153B06A5-2269-4BD1-A66E-AADAB8AD943D}.Debug|Any CPU.ActiveCfg = Debug|Any CPU
		{153B06A5-2269-4BD1-A66E-AADAB8AD943D}.Debug|Any CPU.Build.0 = Debug|Any CPU
		{153B06A5-2269-4BD1-A66E-AADAB8AD943D}.Release|Any CPU.ActiveCfg = Release|Any CPU
		{153B06A5-2269-4BD1-A66E-AADAB8AD943D}.Release|Any CPU.Build.0 = Release|Any CPU
		{4CE91E12-8374-420E-98E1-779CE32AD25D}.Debug|Any CPU.ActiveCfg = Debug|Any CPU
		{4CE91E12-8374-420E-98E1-779CE32AD25D}.Debug|Any CPU.Build.0 = Debug|Any CPU
		{4CE91E12-8374-420E-98E1-779CE32AD25D}.Release|Any CPU.ActiveCfg = Release|Any CPU
		{4CE91E12-8374-420E-98E1-779CE32AD25D}.Release|Any CPU.Build.0 = Release|Any CPU
		{FFBC950C-9B47-44C1-A7EF-931380712E07}.Debug|Any CPU.ActiveCfg = Debug|Any CPU
		{FFBC950C-9B47-44C1-A7EF-931380712E07}.Debug|Any CPU.Build.0 = Debug|Any CPU
		{FFBC950C-9B47-44C1-A7EF-931380712E07}.Release|Any CPU.ActiveCfg = Release|Any CPU
		{FFBC950C-9B47-44C1-A7EF-931380712E07}.Release|Any CPU.Build.0 = Release|Any CPU
		{5A981892-703E-40F4-8ED9-387D1E421A51}.Debug|Any CPU.ActiveCfg = Debug|Any CPU
		{5A981892-703E-40F4-8ED9-387D1E421A51}.Debug|Any CPU.Build.0 = Debug|Any CPU
		{5A981892-703E-40F4-8ED9-387D1E421A51}.Release|Any CPU.ActiveCfg = Release|Any CPU
		{5A981892-703E-40F4-8ED9-387D1E421A51}.Release|Any CPU.Build.0 = Release|Any CPU
		{490C9DE4-2BB1-436F-9947-F9466D3ABC04}.Debug|Any CPU.ActiveCfg = Debug|Any CPU
		{490C9DE4-2BB1-436F-9947-F9466D3ABC04}.Debug|Any CPU.Build.0 = Debug|Any CPU
		{490C9DE4-2BB1-436F-9947-F9466D3ABC04}.Release|Any CPU.ActiveCfg = Release|Any CPU
		{490C9DE4-2BB1-436F-9947-F9466D3ABC04}.Release|Any CPU.Build.0 = Release|Any CPU
		{2B3B6B3B-EC20-4451-A969-DBC2BC7AE428}.Debug|Any CPU.ActiveCfg = Debug|Any CPU
		{2B3B6B3B-EC20-4451-A969-DBC2BC7AE428}.Debug|Any CPU.Build.0 = Debug|Any CPU
		{2B3B6B3B-EC20-4451-A969-DBC2BC7AE428}.Release|Any CPU.ActiveCfg = Release|Any CPU
		{2B3B6B3B-EC20-4451-A969-DBC2BC7AE428}.Release|Any CPU.Build.0 = Release|Any CPU
		{17529780-1581-4677-90A8-16183039FBC7}.Debug|Any CPU.ActiveCfg = Debug|Any CPU
		{17529780-1581-4677-90A8-16183039FBC7}.Debug|Any CPU.Build.0 = Debug|Any CPU
		{17529780-1581-4677-90A8-16183039FBC7}.Release|Any CPU.ActiveCfg = Release|Any CPU
		{17529780-1581-4677-90A8-16183039FBC7}.Release|Any CPU.Build.0 = Release|Any CPU
		{8D699B76-1C1D-4806-9821-2183AA6672BC}.Debug|Any CPU.ActiveCfg = Debug|Any CPU
		{8D699B76-1C1D-4806-9821-2183AA6672BC}.Debug|Any CPU.Build.0 = Debug|Any CPU
		{8D699B76-1C1D-4806-9821-2183AA6672BC}.Release|Any CPU.ActiveCfg = Release|Any CPU
		{8D699B76-1C1D-4806-9821-2183AA6672BC}.Release|Any CPU.Build.0 = Release|Any CPU
		{B23A47C6-1393-467E-A864-C02741207473}.Debug|Any CPU.ActiveCfg = Debug|Any CPU
		{B23A47C6-1393-467E-A864-C02741207473}.Debug|Any CPU.Build.0 = Debug|Any CPU
		{B23A47C6-1393-467E-A864-C02741207473}.Release|Any CPU.ActiveCfg = Release|Any CPU
		{B23A47C6-1393-467E-A864-C02741207473}.Release|Any CPU.Build.0 = Release|Any CPU
		{AB5460D6-8401-4AFC-8111-8DD9CEB64796}.Debug|Any CPU.ActiveCfg = Debug|Any CPU
		{AB5460D6-8401-4AFC-8111-8DD9CEB64796}.Debug|Any CPU.Build.0 = Debug|Any CPU
		{AB5460D6-8401-4AFC-8111-8DD9CEB64796}.Release|Any CPU.ActiveCfg = Release|Any CPU
		{AB5460D6-8401-4AFC-8111-8DD9CEB64796}.Release|Any CPU.Build.0 = Release|Any CPU
		{0D4DE4F8-B6C3-4856-AA01-E1E6A8103478}.Debug|Any CPU.ActiveCfg = Debug|Any CPU
		{0D4DE4F8-B6C3-4856-AA01-E1E6A8103478}.Debug|Any CPU.Build.0 = Debug|Any CPU
		{0D4DE4F8-B6C3-4856-AA01-E1E6A8103478}.Release|Any CPU.ActiveCfg = Release|Any CPU
		{0D4DE4F8-B6C3-4856-AA01-E1E6A8103478}.Release|Any CPU.Build.0 = Release|Any CPU
		{81E36B10-AF7C-48CD-BEAA-8BEF99C354FF}.Debug|Any CPU.ActiveCfg = Debug|Any CPU
		{81E36B10-AF7C-48CD-BEAA-8BEF99C354FF}.Debug|Any CPU.Build.0 = Debug|Any CPU
		{81E36B10-AF7C-48CD-BEAA-8BEF99C354FF}.Release|Any CPU.ActiveCfg = Release|Any CPU
		{81E36B10-AF7C-48CD-BEAA-8BEF99C354FF}.Release|Any CPU.Build.0 = Release|Any CPU
		{E335D4AB-9CE9-46C3-9C32-4B09B1C56661}.Debug|Any CPU.ActiveCfg = Debug|Any CPU
		{E335D4AB-9CE9-46C3-9C32-4B09B1C56661}.Debug|Any CPU.Build.0 = Debug|Any CPU
		{E335D4AB-9CE9-46C3-9C32-4B09B1C56661}.Release|Any CPU.ActiveCfg = Release|Any CPU
		{E335D4AB-9CE9-46C3-9C32-4B09B1C56661}.Release|Any CPU.Build.0 = Release|Any CPU
		{8C6035E5-662F-4D2F-B9E6-B77E75A0E5EA}.Debug|Any CPU.ActiveCfg = Debug|Any CPU
		{8C6035E5-662F-4D2F-B9E6-B77E75A0E5EA}.Debug|Any CPU.Build.0 = Debug|Any CPU
		{8C6035E5-662F-4D2F-B9E6-B77E75A0E5EA}.Release|Any CPU.ActiveCfg = Release|Any CPU
		{8C6035E5-662F-4D2F-B9E6-B77E75A0E5EA}.Release|Any CPU.Build.0 = Release|Any CPU
		{9CAFF7EC-A41C-46C0-AE6C-72594A27E03C}.Debug|Any CPU.ActiveCfg = Debug|Any CPU
		{9CAFF7EC-A41C-46C0-AE6C-72594A27E03C}.Debug|Any CPU.Build.0 = Debug|Any CPU
		{9CAFF7EC-A41C-46C0-AE6C-72594A27E03C}.Release|Any CPU.ActiveCfg = Release|Any CPU
		{9CAFF7EC-A41C-46C0-AE6C-72594A27E03C}.Release|Any CPU.Build.0 = Release|Any CPU
		{EFF6E25C-F5C1-4060-89E8-256379E4E45D}.Debug|Any CPU.ActiveCfg = Debug|Any CPU
		{EFF6E25C-F5C1-4060-89E8-256379E4E45D}.Debug|Any CPU.Build.0 = Debug|Any CPU
		{EFF6E25C-F5C1-4060-89E8-256379E4E45D}.Release|Any CPU.ActiveCfg = Release|Any CPU
		{EFF6E25C-F5C1-4060-89E8-256379E4E45D}.Release|Any CPU.Build.0 = Release|Any CPU
		{6F7DA6BF-4F65-4549-A577-43DB4E16F977}.Debug|Any CPU.ActiveCfg = Debug|Any CPU
		{6F7DA6BF-4F65-4549-A577-43DB4E16F977}.Debug|Any CPU.Build.0 = Debug|Any CPU
		{6F7DA6BF-4F65-4549-A577-43DB4E16F977}.Release|Any CPU.ActiveCfg = Release|Any CPU
		{6F7DA6BF-4F65-4549-A577-43DB4E16F977}.Release|Any CPU.Build.0 = Release|Any CPU
		{2A21BFFC-0F59-44F4-AB67-D6F6A6C35432}.Debug|Any CPU.ActiveCfg = Debug|Any CPU
		{2A21BFFC-0F59-44F4-AB67-D6F6A6C35432}.Debug|Any CPU.Build.0 = Debug|Any CPU
		{2A21BFFC-0F59-44F4-AB67-D6F6A6C35432}.Release|Any CPU.ActiveCfg = Release|Any CPU
		{2A21BFFC-0F59-44F4-AB67-D6F6A6C35432}.Release|Any CPU.Build.0 = Release|Any CPU
		{54F68C05-C1D3-429B-86CE-BA4852C675CB}.Debug|Any CPU.ActiveCfg = Debug|Any CPU
		{54F68C05-C1D3-429B-86CE-BA4852C675CB}.Debug|Any CPU.Build.0 = Debug|Any CPU
		{54F68C05-C1D3-429B-86CE-BA4852C675CB}.Release|Any CPU.ActiveCfg = Release|Any CPU
		{54F68C05-C1D3-429B-86CE-BA4852C675CB}.Release|Any CPU.Build.0 = Release|Any CPU
	EndGlobalSection
	GlobalSection(SolutionProperties) = preSolution
		HideSolutionNode = FALSE
	EndGlobalSection
	GlobalSection(NestedProjects) = preSolution
		{153B06A5-2269-4BD1-A66E-AADAB8AD943D} = {D6829373-EF2E-4951-90C3-D5CE1230F92A}
		{4CE91E12-8374-420E-98E1-779CE32AD25D} = {D6829373-EF2E-4951-90C3-D5CE1230F92A}
		{FFBC950C-9B47-44C1-A7EF-931380712E07} = {D6829373-EF2E-4951-90C3-D5CE1230F92A}
		{5A981892-703E-40F4-8ED9-387D1E421A51} = {D6829373-EF2E-4951-90C3-D5CE1230F92A}
		{490C9DE4-2BB1-436F-9947-F9466D3ABC04} = {D6829373-EF2E-4951-90C3-D5CE1230F92A}
		{2B3B6B3B-EC20-4451-A969-DBC2BC7AE428} = {80B74F07-E15A-4E64-92E9-EF24ACE8F6B6}
		{17529780-1581-4677-90A8-16183039FBC7} = {80B74F07-E15A-4E64-92E9-EF24ACE8F6B6}
		{8D699B76-1C1D-4806-9821-2183AA6672BC} = {80B74F07-E15A-4E64-92E9-EF24ACE8F6B6}
		{B23A47C6-1393-467E-A864-C02741207473} = {80B74F07-E15A-4E64-92E9-EF24ACE8F6B6}
		{AB5460D6-8401-4AFC-8111-8DD9CEB64796} = {80B74F07-E15A-4E64-92E9-EF24ACE8F6B6}
		{0D4DE4F8-B6C3-4856-AA01-E1E6A8103478} = {C2133350-D8A7-4944-9058-9F8F577D7A7E}
		{81E36B10-AF7C-48CD-BEAA-8BEF99C354FF} = {C2133350-D8A7-4944-9058-9F8F577D7A7E}
		{E335D4AB-9CE9-46C3-9C32-4B09B1C56661} = {C2133350-D8A7-4944-9058-9F8F577D7A7E}
		{8C6035E5-662F-4D2F-B9E6-B77E75A0E5EA} = {C2133350-D8A7-4944-9058-9F8F577D7A7E}
		{9CAFF7EC-A41C-46C0-AE6C-72594A27E03C} = {9D9D1D4B-6D63-44E3-8260-5B44B36E8C1C}
		{EFF6E25C-F5C1-4060-89E8-256379E4E45D} = {9D9D1D4B-6D63-44E3-8260-5B44B36E8C1C}
		{6F7DA6BF-4F65-4549-A577-43DB4E16F977} = {9D9D1D4B-6D63-44E3-8260-5B44B36E8C1C}
		{2A21BFFC-0F59-44F4-AB67-D6F6A6C35432} = {9D9D1D4B-6D63-44E3-8260-5B44B36E8C1C}
		{54F68C05-C1D3-429B-86CE-BA4852C675CB} = {984D96C3-099C-4C51-837B-FBF2A289C753}
	EndGlobalSection
	GlobalSection(ExtensibilityGlobals) = postSolution
		SolutionGuid = {75E093EE-811B-4865-AFED-EA01A11AECDA}
	EndGlobalSection
EndGlobal
