
Microsoft Visual Studio Solution File, Format Version 12.00
# Visual Studio Version 17
VisualStudioVersion = 17.5.002.0
MinimumVisualStudioVersion = 10.0.40219.1
Project("{2150E333-8FDC-42A3-9474-1A3956D46DE8}") = "csharp-prep", "csharp-prep", "{1C63D649-8EE1-4E7C-93C2-D7DF4A221806}"
EndProject
Project("{9A19103F-16F7-4668-BE54-9A1E7A4F7556}") = "Prep1", "csharp-prep\Prep1\Prep1.csproj", "{E69A572E-AB1E-4EA5-B2D7-1EDD11676AFD}"
EndProject
Project("{9A19103F-16F7-4668-BE54-9A1E7A4F7556}") = "Prep2", "csharp-prep\Prep2\Prep2.csproj", "{15BAE9CA-E8EE-453E-A1B4-A64C3CA328B7}"
EndProject
Project("{9A19103F-16F7-4668-BE54-9A1E7A4F7556}") = "Prep3", "csharp-prep\Prep3\Prep3.csproj", "{0B59F2D8-B712-4EB5-A266-62BFCA752F79}"
EndProject
Project("{9A19103F-16F7-4668-BE54-9A1E7A4F7556}") = "Prep4", "csharp-prep\Prep4\Prep4.csproj", "{4039F95D-72CC-4D66-9682-099E35EBDCF8}"
EndProject
Project("{9A19103F-16F7-4668-BE54-9A1E7A4F7556}") = "Prep5", "csharp-prep\Prep5\Prep5.csproj", "{A3298E6A-AC22-4951-A4D8-2934E50FF0DA}"
EndProject
Project("{2150E333-8FDC-42A3-9474-1A3956D46DE8}") = "final", "final", "{EE143C0F-A3BA-4CBE-BDC4-B5D71DDAB31D}"
EndProject
Project("{9A19103F-16F7-4668-BE54-9A1E7A4F7556}") = "FinalProject", "final\FinalProject\FinalProject.csproj", "{13D286E1-6352-48EB-AC32-0CEBDC987296}"
EndProject
Project("{9A19103F-16F7-4668-BE54-9A1E7A4F7556}") = "Foundation1", "final\Foundation1\Foundation1.csproj", "{80CA4393-D233-4C5D-ADF0-BE25E96D1555}"
EndProject
Project("{9A19103F-16F7-4668-BE54-9A1E7A4F7556}") = "Foundation2", "final\Foundation2\Foundation2.csproj", "{29F14529-4D07-46D6-B2CD-D0C8AAE4C513}"
EndProject
Project("{9A19103F-16F7-4668-BE54-9A1E7A4F7556}") = "Foundation3", "final\Foundation3\Foundation3.csproj", "{8440FE75-AA01-4ADF-A2FE-194F043304D7}"
EndProject
Project("{9A19103F-16F7-4668-BE54-9A1E7A4F7556}") = "Foundation4", "final\Foundation4\Foundation4.csproj", "{A8A572D3-A298-464A-B76E-C55C7D43E668}"
EndProject
Project("{2150E333-8FDC-42A3-9474-1A3956D46DE8}") = "prepare", "prepare", "{1C3BA249-DA28-431D-93BA-8AEB6296ACA7}"
EndProject
Project("{9A19103F-16F7-4668-BE54-9A1E7A4F7556}") = "Learning02", "prepare\Learning02\Learning02.csproj", "{B60D8B2C-B8EB-4FA2-B284-6526F767980E}"
EndProject
Project("{9A19103F-16F7-4668-BE54-9A1E7A4F7556}") = "Learning03", "prepare\Learning03\Learning03.csproj", "{174B397E-0378-4A87-A88D-CE94E25512EA}"
EndProject
Project("{9A19103F-16F7-4668-BE54-9A1E7A4F7556}") = "Learning04", "prepare\Learning04\Learning04.csproj", "{7A0D6BED-56C1-4E40-B81D-A46C97713B16}"
EndProject
Project("{9A19103F-16F7-4668-BE54-9A1E7A4F7556}") = "Learning05", "prepare\Learning05\Learning05.csproj", "{DE2C38D9-FCB1-4367-9D56-7A4D9CF34F25}"
EndProject
Project("{2150E333-8FDC-42A3-9474-1A3956D46DE8}") = "prove", "prove", "{6CD94373-67D6-445F-926D-B7751DFC62EE}"
EndProject
Project("{9A19103F-16F7-4668-BE54-9A1E7A4F7556}") = "Develop02", "prove\Develop02\Develop02.csproj", "{E8DCCE4A-2438-4D15-B8B7-80DA861AC00C}"
EndProject
Project("{9A19103F-16F7-4668-BE54-9A1E7A4F7556}") = "Develop03", "prove\Develop03\Develop03.csproj", "{52BE2F33-F625-4484-9211-FF372D805E35}"
EndProject
Project("{9A19103F-16F7-4668-BE54-9A1E7A4F7556}") = "Develop04", "prove\Develop04\Develop04.csproj", "{93F42564-98A2-4D83-8804-15FF66D9BC8B}"
EndProject
Project("{9A19103F-16F7-4668-BE54-9A1E7A4F7556}") = "Develop05", "prove\Develop05\Develop05.csproj", "{901EFAB3-BC30-4165-A654-FEA6ED5168F3}"
EndProject
Project("{2150E333-8FDC-42A3-9474-1A3956D46DE8}") = "sandbox", "sandbox", "{EEC57A18-7C68-4B26-A29E-A7389F43DAE0}"
EndProject
Project("{9A19103F-16F7-4668-BE54-9A1E7A4F7556}") = "Sandbox", "sandbox\Sandbox\Sandbox.csproj", "{6297BC2D-CC1C-46C8-883E-E35AED3565EA}"
EndProject
Global
	GlobalSection(SolutionConfigurationPlatforms) = preSolution
		Debug|Any CPU = Debug|Any CPU
		Release|Any CPU = Release|Any CPU
	EndGlobalSection
	GlobalSection(ProjectConfigurationPlatforms) = postSolution
		{E69A572E-AB1E-4EA5-B2D7-1EDD11676AFD}.Debug|Any CPU.ActiveCfg = Debug|Any CPU
		{E69A572E-AB1E-4EA5-B2D7-1EDD11676AFD}.Debug|Any CPU.Build.0 = Debug|Any CPU
		{E69A572E-AB1E-4EA5-B2D7-1EDD11676AFD}.Release|Any CPU.ActiveCfg = Release|Any CPU
		{E69A572E-AB1E-4EA5-B2D7-1EDD11676AFD}.Release|Any CPU.Build.0 = Release|Any CPU
		{15BAE9CA-E8EE-453E-A1B4-A64C3CA328B7}.Debug|Any CPU.ActiveCfg = Debug|Any CPU
		{15BAE9CA-E8EE-453E-A1B4-A64C3CA328B7}.Debug|Any CPU.Build.0 = Debug|Any CPU
		{15BAE9CA-E8EE-453E-A1B4-A64C3CA328B7}.Release|Any CPU.ActiveCfg = Release|Any CPU
		{15BAE9CA-E8EE-453E-A1B4-A64C3CA328B7}.Release|Any CPU.Build.0 = Release|Any CPU
		{0B59F2D8-B712-4EB5-A266-62BFCA752F79}.Debug|Any CPU.ActiveCfg = Debug|Any CPU
		{0B59F2D8-B712-4EB5-A266-62BFCA752F79}.Debug|Any CPU.Build.0 = Debug|Any CPU
		{0B59F2D8-B712-4EB5-A266-62BFCA752F79}.Release|Any CPU.ActiveCfg = Release|Any CPU
		{0B59F2D8-B712-4EB5-A266-62BFCA752F79}.Release|Any CPU.Build.0 = Release|Any CPU
		{4039F95D-72CC-4D66-9682-099E35EBDCF8}.Debug|Any CPU.ActiveCfg = Debug|Any CPU
		{4039F95D-72CC-4D66-9682-099E35EBDCF8}.Debug|Any CPU.Build.0 = Debug|Any CPU
		{4039F95D-72CC-4D66-9682-099E35EBDCF8}.Release|Any CPU.ActiveCfg = Release|Any CPU
		{4039F95D-72CC-4D66-9682-099E35EBDCF8}.Release|Any CPU.Build.0 = Release|Any CPU
		{A3298E6A-AC22-4951-A4D8-2934E50FF0DA}.Debug|Any CPU.ActiveCfg = Debug|Any CPU
		{A3298E6A-AC22-4951-A4D8-2934E50FF0DA}.Debug|Any CPU.Build.0 = Debug|Any CPU
		{A3298E6A-AC22-4951-A4D8-2934E50FF0DA}.Release|Any CPU.ActiveCfg = Release|Any CPU
		{A3298E6A-AC22-4951-A4D8-2934E50FF0DA}.Release|Any CPU.Build.0 = Release|Any CPU
		{13D286E1-6352-48EB-AC32-0CEBDC987296}.Debug|Any CPU.ActiveCfg = Debug|Any CPU
		{13D286E1-6352-48EB-AC32-0CEBDC987296}.Debug|Any CPU.Build.0 = Debug|Any CPU
		{13D286E1-6352-48EB-AC32-0CEBDC987296}.Release|Any CPU.ActiveCfg = Release|Any CPU
		{13D286E1-6352-48EB-AC32-0CEBDC987296}.Release|Any CPU.Build.0 = Release|Any CPU
		{80CA4393-D233-4C5D-ADF0-BE25E96D1555}.Debug|Any CPU.ActiveCfg = Debug|Any CPU
		{80CA4393-D233-4C5D-ADF0-BE25E96D1555}.Debug|Any CPU.Build.0 = Debug|Any CPU
		{80CA4393-D233-4C5D-ADF0-BE25E96D1555}.Release|Any CPU.ActiveCfg = Release|Any CPU
		{80CA4393-D233-4C5D-ADF0-BE25E96D1555}.Release|Any CPU.Build.0 = Release|Any CPU
		{29F14529-4D07-46D6-B2CD-D0C8AAE4C513}.Debug|Any CPU.ActiveCfg = Debug|Any CPU
		{29F14529-4D07-46D6-B2CD-D0C8AAE4C513}.Debug|Any CPU.Build.0 = Debug|Any CPU
		{29F14529-4D07-46D6-B2CD-D0C8AAE4C513}.Release|Any CPU.ActiveCfg = Release|Any CPU
		{29F14529-4D07-46D6-B2CD-D0C8AAE4C513}.Release|Any CPU.Build.0 = Release|Any CPU
		{8440FE75-AA01-4ADF-A2FE-194F043304D7}.Debug|Any CPU.ActiveCfg = Debug|Any CPU
		{8440FE75-AA01-4ADF-A2FE-194F043304D7}.Debug|Any CPU.Build.0 = Debug|Any CPU
		{8440FE75-AA01-4ADF-A2FE-194F043304D7}.Release|Any CPU.ActiveCfg = Release|Any CPU
		{8440FE75-AA01-4ADF-A2FE-194F043304D7}.Release|Any CPU.Build.0 = Release|Any CPU
		{A8A572D3-A298-464A-B76E-C55C7D43E668}.Debug|Any CPU.ActiveCfg = Debug|Any CPU
		{A8A572D3-A298-464A-B76E-C55C7D43E668}.Debug|Any CPU.Build.0 = Debug|Any CPU
		{A8A572D3-A298-464A-B76E-C55C7D43E668}.Release|Any CPU.ActiveCfg = Release|Any CPU
		{A8A572D3-A298-464A-B76E-C55C7D43E668}.Release|Any CPU.Build.0 = Release|Any CPU
		{B60D8B2C-B8EB-4FA2-B284-6526F767980E}.Debug|Any CPU.ActiveCfg = Debug|Any CPU
		{B60D8B2C-B8EB-4FA2-B284-6526F767980E}.Debug|Any CPU.Build.0 = Debug|Any CPU
		{B60D8B2C-B8EB-4FA2-B284-6526F767980E}.Release|Any CPU.ActiveCfg = Release|Any CPU
		{B60D8B2C-B8EB-4FA2-B284-6526F767980E}.Release|Any CPU.Build.0 = Release|Any CPU
		{174B397E-0378-4A87-A88D-CE94E25512EA}.Debug|Any CPU.ActiveCfg = Debug|Any CPU
		{174B397E-0378-4A87-A88D-CE94E25512EA}.Debug|Any CPU.Build.0 = Debug|Any CPU
		{174B397E-0378-4A87-A88D-CE94E25512EA}.Release|Any CPU.ActiveCfg = Release|Any CPU
		{174B397E-0378-4A87-A88D-CE94E25512EA}.Release|Any CPU.Build.0 = Release|Any CPU
		{7A0D6BED-56C1-4E40-B81D-A46C97713B16}.Debug|Any CPU.ActiveCfg = Debug|Any CPU
		{7A0D6BED-56C1-4E40-B81D-A46C97713B16}.Debug|Any CPU.Build.0 = Debug|Any CPU
		{7A0D6BED-56C1-4E40-B81D-A46C97713B16}.Release|Any CPU.ActiveCfg = Release|Any CPU
		{7A0D6BED-56C1-4E40-B81D-A46C97713B16}.Release|Any CPU.Build.0 = Release|Any CPU
		{DE2C38D9-FCB1-4367-9D56-7A4D9CF34F25}.Debug|Any CPU.ActiveCfg = Debug|Any CPU
		{DE2C38D9-FCB1-4367-9D56-7A4D9CF34F25}.Debug|Any CPU.Build.0 = Debug|Any CPU
		{DE2C38D9-FCB1-4367-9D56-7A4D9CF34F25}.Release|Any CPU.ActiveCfg = Release|Any CPU
		{DE2C38D9-FCB1-4367-9D56-7A4D9CF34F25}.Release|Any CPU.Build.0 = Release|Any CPU
		{E8DCCE4A-2438-4D15-B8B7-80DA861AC00C}.Debug|Any CPU.ActiveCfg = Debug|Any CPU
		{E8DCCE4A-2438-4D15-B8B7-80DA861AC00C}.Debug|Any CPU.Build.0 = Debug|Any CPU
		{E8DCCE4A-2438-4D15-B8B7-80DA861AC00C}.Release|Any CPU.ActiveCfg = Release|Any CPU
		{E8DCCE4A-2438-4D15-B8B7-80DA861AC00C}.Release|Any CPU.Build.0 = Release|Any CPU
		{52BE2F33-F625-4484-9211-FF372D805E35}.Debug|Any CPU.ActiveCfg = Debug|Any CPU
		{52BE2F33-F625-4484-9211-FF372D805E35}.Debug|Any CPU.Build.0 = Debug|Any CPU
		{52BE2F33-F625-4484-9211-FF372D805E35}.Release|Any CPU.ActiveCfg = Release|Any CPU
		{52BE2F33-F625-4484-9211-FF372D805E35}.Release|Any CPU.Build.0 = Release|Any CPU
		{93F42564-98A2-4D83-8804-15FF66D9BC8B}.Debug|Any CPU.ActiveCfg = Debug|Any CPU
		{93F42564-98A2-4D83-8804-15FF66D9BC8B}.Debug|Any CPU.Build.0 = Debug|Any CPU
		{93F42564-98A2-4D83-8804-15FF66D9BC8B}.Release|Any CPU.ActiveCfg = Release|Any CPU
		{93F42564-98A2-4D83-8804-15FF66D9BC8B}.Release|Any CPU.Build.0 = Release|Any CPU
		{901EFAB3-BC30-4165-A654-FEA6ED5168F3}.Debug|Any CPU.ActiveCfg = Debug|Any CPU
		{901EFAB3-BC30-4165-A654-FEA6ED5168F3}.Debug|Any CPU.Build.0 = Debug|Any CPU
		{901EFAB3-BC30-4165-A654-FEA6ED5168F3}.Release|Any CPU.ActiveCfg = Release|Any CPU
		{901EFAB3-BC30-4165-A654-FEA6ED5168F3}.Release|Any CPU.Build.0 = Release|Any CPU
		{6297BC2D-CC1C-46C8-883E-E35AED3565EA}.Debug|Any CPU.ActiveCfg = Debug|Any CPU
		{6297BC2D-CC1C-46C8-883E-E35AED3565EA}.Debug|Any CPU.Build.0 = Debug|Any CPU
		{6297BC2D-CC1C-46C8-883E-E35AED3565EA}.Release|Any CPU.ActiveCfg = Release|Any CPU
		{6297BC2D-CC1C-46C8-883E-E35AED3565EA}.Release|Any CPU.Build.0 = Release|Any CPU
	EndGlobalSection
	GlobalSection(SolutionProperties) = preSolution
		HideSolutionNode = FALSE
	EndGlobalSection
	GlobalSection(NestedProjects) = preSolution
		{E69A572E-AB1E-4EA5-B2D7-1EDD11676AFD} = {1C63D649-8EE1-4E7C-93C2-D7DF4A221806}
		{15BAE9CA-E8EE-453E-A1B4-A64C3CA328B7} = {1C63D649-8EE1-4E7C-93C2-D7DF4A221806}
		{0B59F2D8-B712-4EB5-A266-62BFCA752F79} = {1C63D649-8EE1-4E7C-93C2-D7DF4A221806}
		{4039F95D-72CC-4D66-9682-099E35EBDCF8} = {1C63D649-8EE1-4E7C-93C2-D7DF4A221806}
		{A3298E6A-AC22-4951-A4D8-2934E50FF0DA} = {1C63D649-8EE1-4E7C-93C2-D7DF4A221806}
		{13D286E1-6352-48EB-AC32-0CEBDC987296} = {EE143C0F-A3BA-4CBE-BDC4-B5D71DDAB31D}
		{80CA4393-D233-4C5D-ADF0-BE25E96D1555} = {EE143C0F-A3BA-4CBE-BDC4-B5D71DDAB31D}
		{29F14529-4D07-46D6-B2CD-D0C8AAE4C513} = {EE143C0F-A3BA-4CBE-BDC4-B5D71DDAB31D}
		{8440FE75-AA01-4ADF-A2FE-194F043304D7} = {EE143C0F-A3BA-4CBE-BDC4-B5D71DDAB31D}
		{A8A572D3-A298-464A-B76E-C55C7D43E668} = {EE143C0F-A3BA-4CBE-BDC4-B5D71DDAB31D}
		{B60D8B2C-B8EB-4FA2-B284-6526F767980E} = {1C3BA249-DA28-431D-93BA-8AEB6296ACA7}
		{174B397E-0378-4A87-A88D-CE94E25512EA} = {1C3BA249-DA28-431D-93BA-8AEB6296ACA7}
		{7A0D6BED-56C1-4E40-B81D-A46C97713B16} = {1C3BA249-DA28-431D-93BA-8AEB6296ACA7}
		{DE2C38D9-FCB1-4367-9D56-7A4D9CF34F25} = {1C3BA249-DA28-431D-93BA-8AEB6296ACA7}
		{E8DCCE4A-2438-4D15-B8B7-80DA861AC00C} = {6CD94373-67D6-445F-926D-B7751DFC62EE}
		{52BE2F33-F625-4484-9211-FF372D805E35} = {6CD94373-67D6-445F-926D-B7751DFC62EE}
		{93F42564-98A2-4D83-8804-15FF66D9BC8B} = {6CD94373-67D6-445F-926D-B7751DFC62EE}
		{901EFAB3-BC30-4165-A654-FEA6ED5168F3} = {6CD94373-67D6-445F-926D-B7751DFC62EE}
		{6297BC2D-CC1C-46C8-883E-E35AED3565EA} = {EEC57A18-7C68-4B26-A29E-A7389F43DAE0}
	EndGlobalSection
	GlobalSection(ExtensibilityGlobals) = postSolution
		SolutionGuid = {A105292C-AA15-4163-9D5A-04F02C0F6542}
	EndGlobalSection
EndGlobal
